<?xml version="1.0" encoding="utf-8"?>
<Project ToolsVersion="4.0" xmlns="http://schemas.microsoft.com/developer/msbuild/2003">
  <ItemGroup>
    <Filter Include="源文件">
      <UniqueIdentifier>{4FC737F1-C7A5-4376-A066-2A32D752A2FF}</UniqueIdentifier>
      <Extensions>cpp;c;cc;cxx;c++;cppm;ixx;def;odl;idl;hpj;bat;asm;asmx</Extensions>
    </Filter>
    <Filter Include="头文件">
      <UniqueIdentifier>{93995380-89BD-4b04-88EB-625FBE52EBFB}</UniqueIdentifier>
      <Extensions>h;hh;hpp;hxx;h++;hm;inl;inc;ipp;xsd</Extensions>
    </Filter>
    <Filter Include="资源文件">
      <UniqueIdentifier>{67DA6AB6-F800-4c08-8B7A-83BB121AAD01}</UniqueIdentifier>
      <Extensions>rc;ico;cur;bmp;dlg;rc2;rct;bin;rgs;gif;jpg;jpeg;jpe;resx;tiff;tif;png;wav;mfcribbon-ms</Extensions>
    </Filter>
  </ItemGroup>
  <ItemGroup>
    <ClInclude Include="include\common\error.hpp">
      <Filter>头文件</Filter>
    </ClInclude>
    <ClInclude Include="include\common\unique_resource.hpp">
      <Filter>头文件</Filter>
    </ClInclude>
    <ClInclude Include="include\common\console_output.hpp">
      <Filter>头文件</Filter>
    </ClInclude>
    <ClInclude Include="include\logger\logger.hpp">
      <Filter>头文件</Filter>
    </ClInclude>
    <ClInclude Include="include\memory\memory_tuner.hpp">
      <Filter>include\memory</Filter>
    </ClInclude>
    <ClInclude Include="include\memory\memory_cleaner.hpp">
      <Filter>头文件</Filter>
    </ClInclude>
    <ClInclude Include="include\memory\working_set.hpp">
      <Filter>include\memory</Filter>
    </ClInclude>
    <ClInclude Include="include\metrics\memory_metrics.hpp">
      <Filter>头文件</Filter>
    </ClInclude>
    <ClInclude Include="include\platform\native_api.hpp">
      <Filter>头文件</Filter>
    </ClInclude>
    <ClInclude Include="include\policy\policy_engine.hpp">
      <Filter>include\policy</Filter>
    </ClInclude>
    <ClInclude Include="include\policy\safety_gates.hpp">
      <Filter>头文件</Filter>
    </ClInclude>
    <ClInclude Include="include\policy\policy_executor.hpp">
      <Filter>头文件</Filter>
    </ClInclude>
    <ClInclude Include="include\power\power_locker.hpp">
      <Filter>头文件</Filter>
    </ClInclude>
    <ClInclude Include="include\priority\priority_booster.hpp">
      <Filter>头文件</Filter>
    </ClInclude>
    <ClInclude Include="include\process\process_watcher.hpp">
      <Filter>头文件</Filter>
    </ClInclude>
    <ClInclude Include="include\activity\user_activity.hpp">
      <Filter>头文件</Filter>
    </ClInclude>
    <ClInclude Include="include\activity\raw_input.hpp">
      <Filter>头文件</Filter>
    </ClInclude>
    <ClInclude Include="include\audit\audit_log.hpp">
      <Filter>头文件</Filter>
    </ClInclude>
    <ClInclude Include="include\service\startup_entry.hpp">
    </ClInclude>
    <ClInclude Include="include\service\scheduled_task.hpp">
    </ClInclude>
    <ClInclude Include="include\service\agent_form.hpp">
      <Filter>include\service</Filter>
    </ClInclude>
    <ClInclude Include="include\service\host_instance.hpp">
      <Filter>include\service</Filter>
    </ClInclude>
    <ClInclude Include="include\service\service_host.hpp">
      <Filter>头文件</Filter>
    </ClInclude>
    <ClInclude Include="include\service\tray_host.hpp">
      <Filter>头文件</Filter>
    </ClInclude>
    <ClInclude Include="include\service\presence.hpp">
      <Filter>头文件</Filter>
    </ClInclude>
    <ClInclude Include="include\ipc\ipc_protocol.hpp">
      <Filter>头文件</Filter>
    </ClInclude>
    <ClInclude Include="include\ipc\ipc_transport.hpp">
      <Filter>头文件</Filter>
    </ClInclude>
    <ClInclude Include="include\ipc\ipc_session.hpp">
      <Filter>头文件</Filter>
    </ClInclude>
    <ClInclude Include="include\ipc\ipc_facts.hpp">
      <Filter>头文件</Filter>
    </ClInclude>
    <ClInclude Include="include\ipc\ipc_credentials.hpp">
      <Filter>头文件</Filter>
    </ClInclude>
  </ItemGroup>
  <ItemGroup>
    <ClCompile Include="source\common\error.cpp">
      <Filter>源文件</Filter>
    </ClCompile>
    <ClCompile Include="source\common\console_output.cpp">
      <Filter>源文件</Filter>
    </ClCompile>
    <ClCompile Include="source\config\config_manager.cpp">
      <Filter>源文件</Filter>
    </ClCompile>
    <ClCompile Include="source\logger\logger.cpp">
      <Filter>源文件</Filter>
    </ClCompile>
    <ClCompile Include="source\main.cpp">
      <Filter>源文件</Filter>
    </ClCompile>
    <ClCompile Include="source\memory\memory_tuner.cpp">
      <Filter>source\memory</Filter>
    </ClCompile>
    <ClCompile Include="source\memory\memory_cleaner.cpp">
      <Filter>源文件</Filter>
    </ClCompile>
    <ClCompile Include="source\memory\working_set.cpp">
      <Filter>source\memory</Filter>
    </ClCompile>
    <ClCompile Include="source\metrics\memory_metrics.cpp">
      <Filter>源文件</Filter>
    </ClCompile>
    <ClCompile Include="source\metrics\pdh_metrics.cpp">
      <Filter>源文件</Filter>
    </ClCompile>
    <ClCompile Include="source\platform\native_api.cpp">
      <Filter>源文件</Filter>
    </ClCompile>
    <ClCompile Include="source\policy\policy_engine.cpp">
      <Filter>source\policy</Filter>
    </ClCompile>
    <ClCompile Include="source\policy\safety_gates.cpp">
      <Filter>源文件</Filter>
    </ClCompile>
    <ClCompile Include="source\policy\policy_executor.cpp">
      <Filter>源文件</Filter>
    </ClCompile>
    <ClCompile Include="source\power\power_locker.cpp">
      <Filter>源文件</Filter>
    </ClCompile>
    <ClCompile Include="source\priority\priority_booster.cpp">
      <Filter>源文件</Filter>
    </ClCompile>
    <ClCompile Include="source\process\process_watcher.cpp">
      <Filter>源文件</Filter>
    </ClCompile>
    <ClCompile Include="source\activity\user_activity.cpp">
      <Filter>源文件</Filter>
    </ClCompile>
    <ClCompile Include="source\activity\raw_input.cpp">
      <Filter>源文件</Filter>
    </ClCompile>
    <ClCompile Include="source\audit\audit_log.cpp">
      <Filter>源文件</Filter>
    </ClCompile>
    <ClCompile Include="source\service\startup_entry.cpp">
    </ClCompile>
    <ClCompile Include="source\service\scheduled_task.cpp">
    </ClCompile>
    <ClCompile Include="source\service\agent_form.cpp">
      <Filter>source\service</Filter>
    </ClCompile>
    <ClCompile Include="source\service\host_instance.cpp">
      <Filter>source\service</Filter>
    </ClCompile>
    <ClCompile Include="source\service\service_host.cpp">
      <Filter>源文件</Filter>
    </ClCompile>
    <ClCompile Include="source\service\recovery_marker.cpp">
      <Filter>源文件</Filter>
    </ClCompile>
    <ClCompile Include="source\service\tray_host.cpp">
      <Filter>源文件</Filter>
    </ClCompile>
    <ClCompile Include="source\service\presence.cpp">
      <Filter>源文件</Filter>
    </ClCompile>
    
    <None Include="README.md" />
    <None Include="SECURITY.md" />
    <None Include="CONTRIBUTING.md" />
    <None Include=".editorconfig" />
    <None Include=".gitignore" />
    <None Include="config\config.example.toml" />
    <None Include="CMakeLists.txt" />
    <None Include="CMakePresets.json" />
    <None Include="tests\common_tests.cpp" />
    <None Include="tests\config_tests.cpp" />
    <None Include="tests\logger_tests.cpp" />
    <None Include="tests\memory_metrics_tests.cpp" />
    <None Include="tests\memory_tests.cpp" />
    <None Include="tests\policy_tests.cpp" />
    <None Include="tests\policy_executor_tests.cpp" />
    <None Include="tests\power_tests.cpp" />
    <None Include="tests\priority_tests.cpp" />
    <None Include="tests\process_tests.cpp" />
    <None Include="tests\service_tests.cpp" />
    <None Include="tests\ipc_tests.cpp" />
  </ItemGroup>
</Project>
